
Microsoft Visual Studio Solution File, Format Version 12.00
# Visual Studio 15
VisualStudioVersion = 15.0.27130.2036
MinimumVisualStudioVersion = 10.0.40219.1
Project("{FAE04EC0-301F-11D3-BF4B-00C04F79EFBC}") = "WPF.MVVM", "MVVM\WPF.MVVM.csproj", "{47CBD0DB-B4B5-4870-BEF5-DB0D53E73E17}"
EndProject
Global
	GlobalSection(SolutionConfigurationPlatforms) = preSolution
		Debug|Any CPU = Debug|Any CPU
		Release|Any CPU = Release|Any CPU
	EndGlobalSection
	GlobalSection(ProjectConfigurationPlatforms) = postSolution
		{47CBD0DB-B4B5-4870-BEF5-DB0D53E73E17}.Debug|Any CPU.ActiveCfg = Debug|Any CPU
		{47CBD0DB-B4B5-4870-BEF5-DB0D53E73E17}.Debug|Any CPU.Build.0 = Debug|Any CPU
		{47CBD0DB-B4B5-4870-BEF5-DB0D53E73E17}.Release|Any CPU.ActiveCfg = Release|Any CPU
		{47CBD0DB-B4B5-4870-BEF5-DB0D53E73E17}.Release|Any CPU.Build.0 = Release|Any CPU
	EndGlobalSection
	GlobalSection(SolutionProperties) = preSolution
		HideSolutionNode = FALSE
	EndGlobalSection
	GlobalSection(ExtensibilityGlobals) = postSolution
		SolutionGuid = {5AFC1F1D-DF86-430F-971C-EF35789FBEDD}
	EndGlobalSection
EndGlobal
